
Microsoft Visual Studio Solution File, Format Version 12.00
# Visual Studio 14
VisualStudioVersion = 14.0.24720.0
MinimumVisualStudioVersion = 10.0.40219.1
Project("{2150E333-8FDC-42A3-9474-1A3956D46DE8}") = ".paket", ".paket", "{10FE7DE0-F739-46F9-947F-0B207A7C313F}"
	ProjectSection(SolutionItems) = preProject
		paket.dependencies = paket.dependencies
	EndProjectSection
EndProject
Project("{FAE04EC0-301F-11D3-BF4B-00C04F79EFBC}") = "ServiceStack.Extras.Serilog", "ServiceStack.Extras.Serilog\ServiceStack.Extras.Serilog.csproj", "{09716D2B-0964-4348-B875-7109ABE742E8}"
EndProject
Project("{2150E333-8FDC-42A3-9474-1A3956D46DE8}") = ".build", ".build", "{D4E93DB4-2BCC-4F77-B389-68E9BBACCA04}"
	ProjectSection(SolutionItems) = preProject
		..\build.fsx = ..\build.fsx
	EndProjectSection
EndProject
Global
	GlobalSection(SolutionConfigurationPlatforms) = preSolution
		Debug|Any CPU = Debug|Any CPU
		Release|Any CPU = Release|Any CPU
	EndGlobalSection
	GlobalSection(ProjectConfigurationPlatforms) = postSolution
		{09716D2B-0964-4348-B875-7109ABE742E8}.Debug|Any CPU.ActiveCfg = Debug|Any CPU
		{09716D2B-0964-4348-B875-7109ABE742E8}.Debug|Any CPU.Build.0 = Debug|Any CPU
		{09716D2B-0964-4348-B875-7109ABE742E8}.Release|Any CPU.ActiveCfg = Release|Any CPU
		{09716D2B-0964-4348-B875-7109ABE742E8}.Release|Any CPU.Build.0 = Release|Any CPU
	EndGlobalSection
	GlobalSection(SolutionProperties) = preSolution
		HideSolutionNode = FALSE
	EndGlobalSection
EndGlobal
